
Microsoft Visual Studio Solution File, Format Version 12.00
# Visual Studio Version 17
VisualStudioVersion = 17.3.32929.385
MinimumVisualStudioVersion = 10.0.40219.1
Project("{FAE04EC0-301F-11D3-BF4B-00C04F79EFBC}") = "RealEstateAgency", "RealEstateAgency\RealEstateAgency.csproj", "{1520919F-2D20-4A9A-8F8D-FCBE0E446138}"
EndProject
Global
	GlobalSection(SolutionConfigurationPlatforms) = preSolution
		Debug|Any CPU = Debug|Any CPU
		Release|Any CPU = Release|Any CPU
	EndGlobalSection
	GlobalSection(ProjectConfigurationPlatforms) = postSolution
		{1520919F-2D20-4A9A-8F8D-FCBE0E446138}.Debug|Any CPU.ActiveCfg = Debug|Any CPU
		{1520919F-2D20-4A9A-8F8D-FCBE0E446138}.Debug|Any CPU.Build.0 = Debug|Any CPU
		{1520919F-2D20-4A9A-8F8D-FCBE0E446138}.Release|Any CPU.ActiveCfg = Release|Any CPU
		{1520919F-2D20-4A9A-8F8D-FCBE0E446138}.Release|Any CPU.Build.0 = Release|Any CPU
	EndGlobalSection
	GlobalSection(SolutionProperties) = preSolution
		HideSolutionNode = FALSE
	EndGlobalSection
	GlobalSection(ExtensibilityGlobals) = postSolution
		SolutionGuid = {108AB7A9-A0E9-45FE-87EA-BA25CCD649B7}
	EndGlobalSection
EndGlobal
